
Microsoft Visual Studio Solution File, Format Version 12.00
# Visual Studio Version 16
VisualStudioVersion = 16.0.31911.196
MinimumVisualStudioVersion = 10.0.40219.1
Project("{8BC9CEB8-8B4A-11D0-8D11-00A0C91BC942}") = "ctf", "ctf\ctf.vcxproj", "{A149B455-831A-4BCC-86EC-F449001AE2FB}"
EndProject
Project("{8BC9CEB8-8B4A-11D0-8D11-00A0C91BC942}") = "game", "game\game.vcxproj", "{E5007615-A9FE-4B25-B9CD-B3AD1ECDD7CE}"
EndProject
Project("{8BC9CEB8-8B4A-11D0-8D11-00A0C91BC942}") = "quake2", "quake2.vcxproj", "{38A48DB7-7221-40E9-84E8-D58C80F60B05}"
	ProjectSection(ProjectDependencies) = postProject
		{BA4BAC2F-1048-47DD-B96A-D90DF2D759A8} = {BA4BAC2F-1048-47DD-B96A-D90DF2D759A8}
		{F6F875D5-D6D6-4900-AC2B-B0737DE1D8B4} = {F6F875D5-D6D6-4900-AC2B-B0737DE1D8B4}
	EndProjectSection
EndProject
Project("{8BC9CEB8-8B4A-11D0-8D11-00A0C91BC942}") = "ref_gl", "ref_gl\ref_gl.vcxproj", "{BA4BAC2F-1048-47DD-B96A-D90DF2D759A8}"
EndProject
Project("{8BC9CEB8-8B4A-11D0-8D11-00A0C91BC942}") = "ref_soft", "ref_soft\ref_soft.vcxproj", "{CC13AF0C-13C7-46BE-8E6F-CAAF494CB2FE}"
EndProject
Project("{8BC9CEB8-8B4A-11D0-8D11-00A0C91BC942}") = "ref_dx12", "ref_dx12\ref_dx12.vcxproj", "{F6F875D5-D6D6-4900-AC2B-B0737DE1D8B4}"
	ProjectSection(ProjectDependencies) = postProject
		{E3E3C7DD-46E2-48EE-82AD-9F5F088D57E9} = {E3E3C7DD-46E2-48EE-82AD-9F5F088D57E9}
	EndProjectSection
EndProject
Project("{8BC9CEB8-8B4A-11D0-8D11-00A0C91BC942}") = "init_dx12", "ref_dx12\init_dx12\init_dx12.vcxproj", "{E3E3C7DD-46E2-48EE-82AD-9F5F088D57E9}"
EndProject
Global
	GlobalSection(SolutionConfigurationPlatforms) = preSolution
		Debug Alpha|x64 = Debug Alpha|x64
		Debug Alpha|x86 = Debug Alpha|x86
		Debug|x64 = Debug|x64
		Debug|x86 = Debug|x86
		Release Alpha|x64 = Release Alpha|x64
		Release Alpha|x86 = Release Alpha|x86
		Release|x64 = Release|x64
		Release|x86 = Release|x86
		Template|x64 = Template|x64
		Template|x86 = Template|x86
	EndGlobalSection
	GlobalSection(ProjectConfigurationPlatforms) = postSolution
		{A149B455-831A-4BCC-86EC-F449001AE2FB}.Debug Alpha|x64.ActiveCfg = Debug Alpha|Win32
		{A149B455-831A-4BCC-86EC-F449001AE2FB}.Debug Alpha|x86.ActiveCfg = Debug Alpha|Win32
		{A149B455-831A-4BCC-86EC-F449001AE2FB}.Debug Alpha|x86.Build.0 = Debug Alpha|Win32
		{A149B455-831A-4BCC-86EC-F449001AE2FB}.Debug|x64.ActiveCfg = Debug|Win32
		{A149B455-831A-4BCC-86EC-F449001AE2FB}.Debug|x86.ActiveCfg = Debug|Win32
		{A149B455-831A-4BCC-86EC-F449001AE2FB}.Debug|x86.Build.0 = Debug|Win32
		{A149B455-831A-4BCC-86EC-F449001AE2FB}.Release Alpha|x64.ActiveCfg = Release Alpha|Win32
		{A149B455-831A-4BCC-86EC-F449001AE2FB}.Release Alpha|x86.ActiveCfg = Release Alpha|Win32
		{A149B455-831A-4BCC-86EC-F449001AE2FB}.Release Alpha|x86.Build.0 = Release Alpha|Win32
		{A149B455-831A-4BCC-86EC-F449001AE2FB}.Release|x64.ActiveCfg = Release|Win32
		{A149B455-831A-4BCC-86EC-F449001AE2FB}.Release|x86.ActiveCfg = Release|Win32
		{A149B455-831A-4BCC-86EC-F449001AE2FB}.Release|x86.Build.0 = Release|Win32
		{A149B455-831A-4BCC-86EC-F449001AE2FB}.Template|x64.ActiveCfg = Release|Win32
		{A149B455-831A-4BCC-86EC-F449001AE2FB}.Template|x64.Build.0 = Release|Win32
		{A149B455-831A-4BCC-86EC-F449001AE2FB}.Template|x86.ActiveCfg = Debug|Win32
		{A149B455-831A-4BCC-86EC-F449001AE2FB}.Template|x86.Build.0 = Debug|Win32
		{E5007615-A9FE-4B25-B9CD-B3AD1ECDD7CE}.Debug Alpha|x64.ActiveCfg = Debug Alpha|Win32
		{E5007615-A9FE-4B25-B9CD-B3AD1ECDD7CE}.Debug Alpha|x86.ActiveCfg = Debug Alpha|Win32
		{E5007615-A9FE-4B25-B9CD-B3AD1ECDD7CE}.Debug Alpha|x86.Build.0 = Debug Alpha|Win32
		{E5007615-A9FE-4B25-B9CD-B3AD1ECDD7CE}.Debug|x64.ActiveCfg = Debug|Win32
		{E5007615-A9FE-4B25-B9CD-B3AD1ECDD7CE}.Debug|x86.ActiveCfg = Debug|Win32
		{E5007615-A9FE-4B25-B9CD-B3AD1ECDD7CE}.Debug|x86.Build.0 = Debug|Win32
		{E5007615-A9FE-4B25-B9CD-B3AD1ECDD7CE}.Release Alpha|x64.ActiveCfg = Release Alpha|Win32
		{E5007615-A9FE-4B25-B9CD-B3AD1ECDD7CE}.Release Alpha|x86.ActiveCfg = Release Alpha|Win32
		{E5007615-A9FE-4B25-B9CD-B3AD1ECDD7CE}.Release Alpha|x86.Build.0 = Release Alpha|Win32
		{E5007615-A9FE-4B25-B9CD-B3AD1ECDD7CE}.Release|x64.ActiveCfg = Release|Win32
		{E5007615-A9FE-4B25-B9CD-B3AD1ECDD7CE}.Release|x86.ActiveCfg = Release|Win32
		{E5007615-A9FE-4B25-B9CD-B3AD1ECDD7CE}.Release|x86.Build.0 = Release|Win32
		{E5007615-A9FE-4B25-B9CD-B3AD1ECDD7CE}.Template|x64.ActiveCfg = Template|Win32
		{E5007615-A9FE-4B25-B9CD-B3AD1ECDD7CE}.Template|x86.ActiveCfg = Template|Win32
		{E5007615-A9FE-4B25-B9CD-B3AD1ECDD7CE}.Template|x86.Build.0 = Template|Win32
		{38A48DB7-7221-40E9-84E8-D58C80F60B05}.Debug Alpha|x64.ActiveCfg = Debug Alpha|Win32
		{38A48DB7-7221-40E9-84E8-D58C80F60B05}.Debug Alpha|x86.ActiveCfg = Debug Alpha|Win32
		{38A48DB7-7221-40E9-84E8-D58C80F60B05}.Debug Alpha|x86.Build.0 = Debug Alpha|Win32
		{38A48DB7-7221-40E9-84E8-D58C80F60B05}.Debug|x64.ActiveCfg = Debug|Win32
		{38A48DB7-7221-40E9-84E8-D58C80F60B05}.Debug|x86.ActiveCfg = Debug|Win32
		{38A48DB7-7221-40E9-84E8-D58C80F60B05}.Debug|x86.Build.0 = Debug|Win32
		{38A48DB7-7221-40E9-84E8-D58C80F60B05}.Release Alpha|x64.ActiveCfg = Release Alpha|Win32
		{38A48DB7-7221-40E9-84E8-D58C80F60B05}.Release Alpha|x86.ActiveCfg = Release Alpha|Win32
		{38A48DB7-7221-40E9-84E8-D58C80F60B05}.Release Alpha|x86.Build.0 = Release Alpha|Win32
		{38A48DB7-7221-40E9-84E8-D58C80F60B05}.Release|x64.ActiveCfg = Release|Win32
		{38A48DB7-7221-40E9-84E8-D58C80F60B05}.Release|x86.ActiveCfg = Release|Win32
		{38A48DB7-7221-40E9-84E8-D58C80F60B05}.Release|x86.Build.0 = Release|Win32
		{38A48DB7-7221-40E9-84E8-D58C80F60B05}.Template|x64.ActiveCfg = Template|Win32
		{38A48DB7-7221-40E9-84E8-D58C80F60B05}.Template|x86.ActiveCfg = Template|Win32
		{38A48DB7-7221-40E9-84E8-D58C80F60B05}.Template|x86.Build.0 = Template|Win32
		{BA4BAC2F-1048-47DD-B96A-D90DF2D759A8}.Debug Alpha|x64.ActiveCfg = Debug Alpha|Win32
		{BA4BAC2F-1048-47DD-B96A-D90DF2D759A8}.Debug Alpha|x86.ActiveCfg = Debug Alpha|Win32
		{BA4BAC2F-1048-47DD-B96A-D90DF2D759A8}.Debug Alpha|x86.Build.0 = Debug Alpha|Win32
		{BA4BAC2F-1048-47DD-B96A-D90DF2D759A8}.Debug|x64.ActiveCfg = Debug|Win32
		{BA4BAC2F-1048-47DD-B96A-D90DF2D759A8}.Debug|x86.ActiveCfg = Debug|Win32
		{BA4BAC2F-1048-47DD-B96A-D90DF2D759A8}.Debug|x86.Build.0 = Debug|Win32
		{BA4BAC2F-1048-47DD-B96A-D90DF2D759A8}.Release Alpha|x64.ActiveCfg = Release Alpha|Win32
		{BA4BAC2F-1048-47DD-B96A-D90DF2D759A8}.Release Alpha|x86.ActiveCfg = Release Alpha|Win32
		{BA4BAC2F-1048-47DD-B96A-D90DF2D759A8}.Release Alpha|x86.Build.0 = Release Alpha|Win32
		{BA4BAC2F-1048-47DD-B96A-D90DF2D759A8}.Release|x64.ActiveCfg = Release|Win32
		{BA4BAC2F-1048-47DD-B96A-D90DF2D759A8}.Release|x86.ActiveCfg = Release|Win32
		{BA4BAC2F-1048-47DD-B96A-D90DF2D759A8}.Release|x86.Build.0 = Release|Win32
		{BA4BAC2F-1048-47DD-B96A-D90DF2D759A8}.Template|x64.ActiveCfg = Template|Win32
		{BA4BAC2F-1048-47DD-B96A-D90DF2D759A8}.Template|x86.ActiveCfg = Template|Win32
		{BA4BAC2F-1048-47DD-B96A-D90DF2D759A8}.Template|x86.Build.0 = Template|Win32
		{CC13AF0C-13C7-46BE-8E6F-CAAF494CB2FE}.Debug Alpha|x64.ActiveCfg = Debug Alpha|Win32
		{CC13AF0C-13C7-46BE-8E6F-CAAF494CB2FE}.Debug Alpha|x86.ActiveCfg = Debug Alpha|Win32
		{CC13AF0C-13C7-46BE-8E6F-CAAF494CB2FE}.Debug Alpha|x86.Build.0 = Debug Alpha|Win32
		{CC13AF0C-13C7-46BE-8E6F-CAAF494CB2FE}.Debug|x64.ActiveCfg = Debug|Win32
		{CC13AF0C-13C7-46BE-8E6F-CAAF494CB2FE}.Debug|x86.ActiveCfg = Debug|Win32
		{CC13AF0C-13C7-46BE-8E6F-CAAF494CB2FE}.Debug|x86.Build.0 = Debug|Win32
		{CC13AF0C-13C7-46BE-8E6F-CAAF494CB2FE}.Release Alpha|x64.ActiveCfg = Release Alpha|Win32
		{CC13AF0C-13C7-46BE-8E6F-CAAF494CB2FE}.Release Alpha|x86.ActiveCfg = Release Alpha|Win32
		{CC13AF0C-13C7-46BE-8E6F-CAAF494CB2FE}.Release Alpha|x86.Build.0 = Release Alpha|Win32
		{CC13AF0C-13C7-46BE-8E6F-CAAF494CB2FE}.Release|x64.ActiveCfg = Release|Win32
		{CC13AF0C-13C7-46BE-8E6F-CAAF494CB2FE}.Release|x86.ActiveCfg = Release|Win32
		{CC13AF0C-13C7-46BE-8E6F-CAAF494CB2FE}.Release|x86.Build.0 = Release|Win32
		{CC13AF0C-13C7-46BE-8E6F-CAAF494CB2FE}.Template|x64.ActiveCfg = Template|Win32
		{CC13AF0C-13C7-46BE-8E6F-CAAF494CB2FE}.Template|x86.ActiveCfg = Template|Win32
		{CC13AF0C-13C7-46BE-8E6F-CAAF494CB2FE}.Template|x86.Build.0 = Template|Win32
		{F6F875D5-D6D6-4900-AC2B-B0737DE1D8B4}.Debug Alpha|x64.ActiveCfg = Debug|x64
		{F6F875D5-D6D6-4900-AC2B-B0737DE1D8B4}.Debug Alpha|x64.Build.0 = Debug|x64
		{F6F875D5-D6D6-4900-AC2B-B0737DE1D8B4}.Debug Alpha|x86.ActiveCfg = Debug|Win32
		{F6F875D5-D6D6-4900-AC2B-B0737DE1D8B4}.Debug Alpha|x86.Build.0 = Debug|Win32
		{F6F875D5-D6D6-4900-AC2B-B0737DE1D8B4}.Debug|x64.ActiveCfg = Debug|x64
		{F6F875D5-D6D6-4900-AC2B-B0737DE1D8B4}.Debug|x64.Build.0 = Debug|x64
		{F6F875D5-D6D6-4900-AC2B-B0737DE1D8B4}.Debug|x86.ActiveCfg = Debug|Win32
		{F6F875D5-D6D6-4900-AC2B-B0737DE1D8B4}.Debug|x86.Build.0 = Debug|Win32
		{F6F875D5-D6D6-4900-AC2B-B0737DE1D8B4}.Release Alpha|x64.ActiveCfg = Release|x64
		{F6F875D5-D6D6-4900-AC2B-B0737DE1D8B4}.Release Alpha|x64.Build.0 = Release|x64
		{F6F875D5-D6D6-4900-AC2B-B0737DE1D8B4}.Release Alpha|x86.ActiveCfg = Release|Win32
		{F6F875D5-D6D6-4900-AC2B-B0737DE1D8B4}.Release Alpha|x86.Build.0 = Release|Win32
		{F6F875D5-D6D6-4900-AC2B-B0737DE1D8B4}.Release|x64.ActiveCfg = Release|x64
		{F6F875D5-D6D6-4900-AC2B-B0737DE1D8B4}.Release|x64.Build.0 = Release|x64
		{F6F875D5-D6D6-4900-AC2B-B0737DE1D8B4}.Release|x86.ActiveCfg = Release|Win32
		{F6F875D5-D6D6-4900-AC2B-B0737DE1D8B4}.Release|x86.Build.0 = Release|Win32
		{F6F875D5-D6D6-4900-AC2B-B0737DE1D8B4}.Template|x64.ActiveCfg = Debug|x64
		{F6F875D5-D6D6-4900-AC2B-B0737DE1D8B4}.Template|x64.Build.0 = Debug|x64
		{F6F875D5-D6D6-4900-AC2B-B0737DE1D8B4}.Template|x86.ActiveCfg = Debug|Win32
		{F6F875D5-D6D6-4900-AC2B-B0737DE1D8B4}.Template|x86.Build.0 = Debug|Win32
		{E3E3C7DD-46E2-48EE-82AD-9F5F088D57E9}.Debug Alpha|x64.ActiveCfg = Debug|x64
		{E3E3C7DD-46E2-48EE-82AD-9F5F088D57E9}.Debug Alpha|x64.Build.0 = Debug|x64
		{E3E3C7DD-46E2-48EE-82AD-9F5F088D57E9}.Debug Alpha|x86.ActiveCfg = Debug|Win32
		{E3E3C7DD-46E2-48EE-82AD-9F5F088D57E9}.Debug Alpha|x86.Build.0 = Debug|Win32
		{E3E3C7DD-46E2-48EE-82AD-9F5F088D57E9}.Debug|x64.ActiveCfg = Debug|x64
		{E3E3C7DD-46E2-48EE-82AD-9F5F088D57E9}.Debug|x64.Build.0 = Debug|x64
		{E3E3C7DD-46E2-48EE-82AD-9F5F088D57E9}.Debug|x86.ActiveCfg = Debug|Win32
		{E3E3C7DD-46E2-48EE-82AD-9F5F088D57E9}.Debug|x86.Build.0 = Debug|Win32
		{E3E3C7DD-46E2-48EE-82AD-9F5F088D57E9}.Release Alpha|x64.ActiveCfg = Release|x64
		{E3E3C7DD-46E2-48EE-82AD-9F5F088D57E9}.Release Alpha|x64.Build.0 = Release|x64
		{E3E3C7DD-46E2-48EE-82AD-9F5F088D57E9}.Release Alpha|x86.ActiveCfg = Release|Win32
		{E3E3C7DD-46E2-48EE-82AD-9F5F088D57E9}.Release Alpha|x86.Build.0 = Release|Win32
		{E3E3C7DD-46E2-48EE-82AD-9F5F088D57E9}.Release|x64.ActiveCfg = Release|x64
		{E3E3C7DD-46E2-48EE-82AD-9F5F088D57E9}.Release|x64.Build.0 = Release|x64
		{E3E3C7DD-46E2-48EE-82AD-9F5F088D57E9}.Release|x86.ActiveCfg = Release|Win32
		{E3E3C7DD-46E2-48EE-82AD-9F5F088D57E9}.Release|x86.Build.0 = Release|Win32
		{E3E3C7DD-46E2-48EE-82AD-9F5F088D57E9}.Template|x64.ActiveCfg = Debug|x64
		{E3E3C7DD-46E2-48EE-82AD-9F5F088D57E9}.Template|x64.Build.0 = Debug|x64
		{E3E3C7DD-46E2-48EE-82AD-9F5F088D57E9}.Template|x86.ActiveCfg = Debug|Win32
		{E3E3C7DD-46E2-48EE-82AD-9F5F088D57E9}.Template|x86.Build.0 = Debug|Win32
	EndGlobalSection
	GlobalSection(SolutionProperties) = preSolution
		HideSolutionNode = FALSE
	EndGlobalSection
	GlobalSection(ExtensibilityGlobals) = postSolution
		SolutionGuid = {C79F317E-3795-4509-B812-D074C6C4B6FD}
	EndGlobalSection
EndGlobal
